cloud.google.com/go v0.0.0-20171113024717-b42e7d1aac8a h1:3D+/aEuZ+OJoQ6tioeoy3X3krd6CZnsD4Kw5Z6AivuU=
cloud.google.com/go v0.0.0-20171113024717-b42e7d1aac8a/go.mod h1:aQUYkXzVsufM+DwF1aE+0xfcU+56JwCaLick0ClmMTw=
github.com/Azure/go-autorest v8.0.0+incompatible h1:lgmv/yX7Zgt1TJEYG8DHCqc0zw5FkYevByNVIm77JNM=
github.com/Azure/go-autorest v8.0.0+incompatible/go.mod h1:r+4oMnoxhatjLLJ6zxSWATqVooLgysK6ZNox3g/xq24=
github.com/PuerkitoBio/purell v1.1.0 h1:rmGxhojJlM0tuKtfdvliR84CFHljx9ag64t2xmVkjK4=
github.com/PuerkitoBio/purell v1.1.0/go.mod h1:c11w/QuzBsJSee3cPx9rAFu61PvFxuPbtSwDGJws/X0=
github.com/PuerkitoBio/urlesc v0.0.0-20160726150825-5bd2802263f2 h1:JCHLVE3B+kJde7bIEo5N4J+ZbLhp0J1Fs+ulyRws4gE=
github.com/PuerkitoBio/urlesc v0.0.0-20160726150825-5bd2802263f2/go.mod h1:uGdkoq3SwY9Y+13GIhn11/XLaGBb4BfwItxLd5jeuXE=
github.com/agext/levenshtein v1.2.1 h1:QmvMAjj2aEICytGiWzmxoE0x2KZvE0fvmqMOfy2tjT8=
github.com/agext/levenshtein v1.2.1/go.mod h1:JEDfjyjHDjOF/1e4FlBE/PkbqA9OfWu2ki2W0IB5558=
github.com/apparentlymart/go-cidr v0.0.0-20170418151526-7e4b007599d4 h1:bpmA3CCh0K829XIR5kfcV+YDt+Gwi7SEYPCcYEVKWUo=
github.com/apparentlymart/go-cidr v0.0.0-20170418151526-7e4b007599d4/go.mod h1:EBcsNrHc3zQeuaeCeCtQruQm+n9/YjEn/vI25Lg7Gwc=
github.com/apparentlymart/go-rundeck-api v0.0.0-20160826143032-f6af74d34d1e/go.mod h1:U6OjNHcY3edY04ILn+KNrWZm3j15cPzW7PyjtIQOh1Y=
github.com/apparentlymart/go-textseg v0.0.0-20170531203952-b836f5c4d331 h1:AIKxo1t7QE7MAqADwrmzMiaFC+QfHfXOk8lrmibN5Lk=
github.com/apparentlymart/go-textseg v0.0.0-20170531203952-b836f5c4d331/go.mod h1:z96Txxhf3xSFMPmb5X/1W05FF/Nj9VFpLOpjS5yuumk=
github.com/armon/go-radix v0.0.0-20170727155443-1fca145dffbc h1:/WQ8Tr5zbclKWAtvafIcAk/njNpW3gtd22TLLouv+6Q=
github.com/armon/go-radix v0.0.0-20170727155443-1fca145dffbc/go.mod h1:ufUuZ+zHj4x4TnLV4JWEpy2hxWSpsRywHrMgIH9cCH8=
github.com/aws/aws-sdk-go v1.12.75 h1:puf7g3IPj5aVlzISS7cO59tTPIWhJFHsPZHIL/nGij8=
github.com/aws/aws-sdk-go v1.12.75/go.mod h1:ZRmQr0FajVIyZ4ZzBYKG5P3ZqPz9IHG41ZoMu1ADI3k=
github.com/beevik/etree v0.0.0-20171015221209-af219c0c7ea1/go.mod h1:r8Aw8JqVegEf0w2fDnATrX9VpkMcyFeM0FhwO62wh+A=
github.com/bgentry/go-netrc v0.0.0-20140422174119-9fd32a8b3d3d h1:xDfNPAt8lFiC1UJrqV3uuy861HCTo708pDMbjHHdCas=
github.com/bgentry/go-netrc v0.0.0-20140422174119-9fd32a8b3d3d/go.mod h1:6QX/PXZ00z/TKoufEY6K/a0k6AhaJrQKdFe6OfVXsa4=
github.com/bgentry/speakeasy v0.1.0 h1:ByYyxL9InA1OWqxJqqp2A5pYHUrCiAL6K3J+LKSsQkY=
github.com/bgentry/speakeasy v0.1.0/go.mod h1:+zsyZBPWlz7T6j88CTgSN5bM796AkVf0kBD4zp0CCIs=
github.com/blang/semver v3.5.1+incompatible h1:cQNTCjp13qL8KC3Nbxr/y2Bqb63oX6wdnnjpJbkM4JQ=
github.com/blang/semver v3.5.1+incompatible/go.mod h1:kRBLl5iJ+tD4TcOOxsy/0fnwebNt5EWlYSAyrTnjyyk=
github.com/davecgh/go-spew v1.1.0 h1:ZDRjVQ15GmhC3fiQ8ni8+OwkZQO4DARzQgrnXU1Liz8=
github.com/davecgh/go-spew v1.1.0/go.mod h1:J7Y8YcW2NihsgmVo/mv3lAwl/skON4iLHjSsI+c5H38=
github.com/dgrijalva/jwt-go v3.1.0+incompatible h1:FFziAwDQQ2dz1XClWMkwvukur3evtZx7x/wMHKM1i20=
github.com/dgrijalva/jwt-go v3.1.0+incompatible/go.mod h1:E3ru+11k8xSBh+hMPgOLZmtrrCbhqsmaPHjLKYnJCaQ=
github.com/docker/distribution v0.0.0-20170221190814-50133d63723f/go.mod h1:J2gT2udsDAN96Uj4KfcMRqY0/ypR+oyYUYmja8H+y+w=
github.com/emicklei/go-restful v0.0.0-20170216140332-cf834cf8da5b h1:EJEQP9x8uKy+vNiitPBCxnB6+oV4v9/3BNNI5t8k8Lg=
github.com/emicklei/go-restful v0.0.0-20170216140332-cf834cf8da5b/go.mod h1:otzb+WCGbkyDHkqmQmT5YD2WR4BBwUdeQoFo8l/7tVs=
github.com/emicklei/go-restful-swagger12 v0.0.0-20170208215640-dcef7f557305/go.mod h1:qr0VowGBT4CS4Q8vFF8BSeKz34PuqKGxs/L0IAQA9DQ=
github.com/fsouza/go-dockerclient v0.0.0-20160427172547-1d4f4ae73768/go.mod h1:KpcjM623fQYE9MZiTGzKhjfxXAV9wbyX2C1cyRHfhl0=
github.com/ghodss/yaml v0.0.0-20161207003320-04f313413ffd h1:U3yHrYB7NWH2o3UFzJ1J+TknZqM9QQtF8KVIE6Qzrfs=
github.com/ghodss/yaml v0.0.0-20161207003320-04f313413ffd/go.mod h1:4dBDuWmgqj2HViK6kFavaiC9ZROes6MMH2rRYeMEF04=
github.com/go-ini/ini v1.23.1 h1:amNPHl+tCb4BolL2NAIQaKLY+ZiL1Ju7OqZ9Fx6PTBQ=
github.com/go-ini/ini v1.23.1/go.mod h1:ByCAeIL28uOIIG0E3PJtZPDL8WnHpFKFOtgjp+3Ies8=
github.com/go-openapi/analysis v0.0.0-20160815203709-b44dc874b601/go.mod h1:k70tL6pCuVxPJOHXQ+wIac1FUrvNkHolPie/cLEU6hI=
github.com/go-openapi/jsonpointer v0.0.0-20160704185906-46af16f9f7b1 h1:wSt/4CYxs70xbATrGXhokKF1i0tZjENLOo1ioIO13zk=
github.com/go-openapi/jsonpointer v0.0.0-20160704185906-46af16f9f7b1/go.mod h1:+35s3my2LFTysnkMfxsJBAMHj/DoqoB9knIWoYG/Vk0=
github.com/go-openapi/jsonreference v0.0.0-20160704190145-13c6e3589ad9 h1:tF+augKRWlWx0J0B7ZyyKSiTyV6E1zZe+7b3qQlcEf8=
github.com/go-openapi/jsonreference v0.0.0-20160704190145-13c6e3589ad9/go.mod h1:W3Z9FmVs9qj+KR4zFKmDPGiLdk1D9Rlm7cyMvf57TTg=
github.com/go-openapi/loads v0.0.0-20160704185440-18441dfa706d/go.mod h1:5qFWh9T8iTbMizjsoC/EHEN3onRy+cfNRw/wV1iX1Og=
github.com/go-openapi/spec v0.0.0-20160808142527-6aced65f8501 h1:C1JKChikHGpXwT5UQDFaryIpDtyyGL/CR6C2kB7F1oc=
github.com/go-openapi/spec v0.0.0-20160808142527-6aced65f8501/go.mod h1:J8+jY1nAiCcj+friV/PDoE1/3eeccG9LYBs0tYvLOWc=
github.com/go-openapi/swag v0.0.0-20160704191624-1d0bd113de87 h1:zP3nY8Tk2E6RTkqGYrarZXuzh+ffyLDljLxCy1iJw80=
github.com/go-openapi/swag v0.0.0-20160704191624-1d0bd113de87/go.mod h1:DXUve3Dpr1UfpPtxFw+EFuQ41HhCWZfha5jSVRG7C7I=
github.com/gogo/protobuf v0.0.0-20170220125546-3ea128ab6901 h1:LmQvXINfpTH0GwGlZDqNjw0l6xHumBzgrjanmz8s/Eo=
github.com/gogo/protobuf v0.0.0-20170220125546-3ea128ab6901/go.mod h1:r8qH/GZQm5c6nD/R0oafs1akxWv10x8SbQlK7atdtwQ=
github.com/golang/glog v0.0.0-20160126235308-23def4e6c14b h1:VKtxabqXZkF25pY9ekfRL6a582T4P37/31XEstQ5p58=
github.com/golang/glog v0.0.0-20160126235308-23def4e6c14b/go.mod h1:SBH7ygxi8pfUlaOkMMuAQtPIUF8ecWP5IEl/CR7VP2Q=
github.com/golang/protobuf v0.0.0-20170601230230-5a0f697c9ed9 h1:6w6GCsh1LARYT2JCCS9B+cHIzp/zNoKCrEQrReZZ2p8=
github.com/golang/protobuf v0.0.0-20170601230230-5a0f697c9ed9/go.mod h1:6lQm79b+lXiMfvg/cZm0SGofjICqVBUtrP5yJMmIC1U=
github.com/golang/snappy v0.0.0-20170215233205-553a64147049/go.mod h1:/XxbfmMg8lxefKM7IXC3fBNl/7bRcc72aCRzEWrmP2Q=
github.com/google/btree v0.0.0-20180124185431-e89373fe6b4a h1:ZJu5NB1Bk5ms4vw0Xu4i+jD32SE9jQXyfnOvwhHqlT0=
github.com/google/btree v0.0.0-20180124185431-e89373fe6b4a/go.mod h1:lNA+9X1NB3Zf8V7Ke586lFgjr2dZNuvo3lPJSGZ5JPQ=
github.com/google/gofuzz v0.0.0-20161122191042-44d81051d367 h1:ScAXWS+TR6MZKex+7Z8rneuSJH+FSDqd6ocQyl+ZHo4=
github.com/google/gofuzz v0.0.0-20161122191042-44d81051d367/go.mod h1:HP5RmnzzSNb993RKQDq4+1A4ia9nllfqcQFTQJedwGI=
github.com/googleapis/gax-go v0.0.0-20170609041554-e6c452d1a33f/go.mod h1:SFVmujtThgffbyetf+mdk2eWhX2bMyUtNHzFKcPA9HY=
github.com/googleapis/gnostic v0.0.0-20180202000817-3b40d6509f37 h1:VYpctGRHMTBzcxA8GkouSBb7kyNvolLTrqqQ29VRpKA=
github.com/googleapis/gnostic v0.0.0-20180202000817-3b40d6509f37/go.mod h1:sJBsCZ4ayReDTBIg8b9dl28c5xFWyhBTVRp3pOg5EKY=
github.com/gophercloud/gophercloud v0.0.0-20180210024343-6da026c32e2d h1:lciDD/FphWa1txj6lYLOJCvV6IcxJcT2dfgg9JLXd+c=
github.com/gophercloud/gophercloud v0.0.0-20180210024343-6da026c32e2d/go.mod h1:3WdhXV3rUYy9p6AUW8d94kr+HS62Y4VL9mBnFxsD8q4=
github.com/gregjones/httpcache v0.0.0-20180305231024-9cad4c3443a7 h1:pdN6V1QBWetyv/0+wjACpqVH+eVULgEjkurDLq3goeM=
github.com/gregjones/httpcache v0.0.0-20180305231024-9cad4c3443a7/go.mod h1:FecbI9+v66THATjSRHfNgh1IVFe/9kFxbXtjV0ctIMA=
github.com/hashicorp/errwrap v0.0.0-20141028054710-7554cd9344ce h1:prjrVgOk2Yg6w+PflHoszQNLTUh4kaByUcEWM/9uin4=
github.com/hashicorp/errwrap v0.0.0-20141028054710-7554cd9344ce/go.mod h1:YH+1FKiLXxHSkmPseP+kNlulaMuP3n2brvKWEqk/Jc4=
github.com/hashicorp/go-cleanhttp v0.0.0-20170211013415-3573b8b52aa7 h1:67fHcS+inUoiIqWCKIqeDuq2AlPHNHPiTqp97LdQ+bc=
github.com/hashicorp/go-cleanhttp v0.0.0-20170211013415-3573b8b52aa7/go.mod h1:JpRdi6/HCYpAwUzNwuwqhbovhLtngrth3wmdIIUrZ80=
github.com/hashicorp/go-getter v0.0.0-20170922192948-a686900cb375 h1:KqOXY+lnFgRsYO3E263Q/+0vIoTMgEkox4MmNTDhl84=
github.com/hashicorp/go-getter v0.0.0-20170922192948-a686900cb375/go.mod h1:6rdJFnhkXnzGOJbvkrdv4t9nLwKcVA+tmbQeUlkIzrU=
github.com/hashicorp/go-hclog v0.0.0-20170830144852-b39b96628f4f h1:2m7PgKhDx1z0njyuVVS8MXNjx7V6yBCSMq1rjd0lAco=
github.com/hashicorp/go-hclog v0.0.0-20170830144852-b39b96628f4f/go.mod h1:9bjs9uLqI8l75knNv3lV1kA55veR+WUPSiKIWcQHudI=
github.com/hashicorp/go-multierror v0.0.0-20150916205742-d30f09973e19 h1:gb61U/o4ZJ6TRYvZqJUKYidIhJOEAvNyVMesryROxAY=
github.com/hashicorp/go-multierror v0.0.0-20150916205742-d30f09973e19/go.mod h1:JMRHfdO9jKNzS/+BTlxCjKNQHg/jZAft8U7LloJvN7I=
github.com/hashicorp/go-plugin v0.0.0-20170816151819-a5174f84d7f8 h1:1M/vS848XLVjNyE7waQYdRErztf5MU33jo5IPBfzLag=
github.com/hashicorp/go-plugin v0.0.0-20170816151819-a5174f84d7f8/go.mod h1:JSqWYsict+jzcj0+xElxyrBQRPNoiWQuddnxArJ7XHQ=
github.com/hashicorp/go-uuid v0.0.0-20160120003506-36289988d83c h1:74JBd5YKJzNH8YVYfXI2LVmLdRj2udNzzysg9Y0x2dw=
github.com/hashicorp/go-uuid v0.0.0-20160120003506-36289988d83c/go.mod h1:6SBZvOh/SIDV7/2o3Jml5SYk/TvGqwFJ/bN7x4byOro=
github.com/hashicorp/go-version v0.0.0-20161031182605-e96d38404026 h1:qWx/DcC6l4ZzuS+JBAzI5XjtLFDCc08zYeZ0kLnaH2g=
github.com/hashicorp/go-version v0.0.0-20161031182605-e96d38404026/go.mod h1:fltr4n8CU8Ke44wwGCBoEymUuxUHl09ZGVZPK5anwXA=
github.com/hashicorp/hcl v0.0.0-20170504190234-a4b07c25de5f h1:UdxlrJz4JOnY8W+DbLISwf2B8WXEolNRA8BGCwI9jws=
github.com/hashicorp/hcl v0.0.0-20170504190234-a4b07c25de5f/go.mod h1:oZtUIOe8dh44I2q6ScRibXws4Ajl+d+nod3AaR9vL5w=
github.com/hashicorp/hcl2 v0.0.0-20180226163856-4719b76b5235 h1:xHSIvGI8EWOvZWH0PfbUu89gi8+j1hwT9gSbb//QioI=
github.com/hashicorp/hcl2 v0.0.0-20180226163856-4719b76b5235/go.mod h1:xp1eMAxqhQKBxz+yQUTsig9bBMRRWRWw+rK3FJmHf/A=
github.com/hashicorp/hil v0.0.0-20170512213305-fac2259da677 h1:Yj0RcrbLT/5z2k1UdRW+2r0nDUgrKjUNLQiXzMU4a5k=
github.com/hashicorp/hil v0.0.0-20170512213305-fac2259da677/go.mod h1:KHvg/R2/dPtaePb16oW4qIyzkMxXOL38xjRN64adsts=
github.com/hashicorp/logutils v0.0.0-20150609070431-0dc08b1671f3 h1:oD64EFjELI9RY9yoWlfua58r+etdnoIC871z+rr6lkA=
github.com/hashicorp/logutils v0.0.0-20150609070431-0dc08b1671f3/go.mod h1:QIAnNjmIWmVIIkWDTG1z5v++HQmx9WQRO+LraFDTW64=
github.com/hashicorp/terraform v0.11.4 h1:PgYGmenr2EeCNFy9jL4TWylaIZit1R3PgNrLRUNBpGI=
github.com/hashicorp/terraform v0.11.4/go.mod h1:uN1KUiT7Wdg61fPwsGXQwK3c8PmpIVZrt5Vcb1VrSoM=
github.com/hashicorp/vault v0.0.0-20171112173456-74d9a382c895/go.mod h1:KfSyffbKxoVyspOdlaGVjIuwLobi07qD1bAbosPMpP0=
github.com/hashicorp/yamux v0.0.0-20160720233140-d1caa6c97c9f h1:K4RDeor/qhbs5ETM85SN8xekXkk+KkOBclNXXM8+UR0=
github.com/hashicorp/yamux v0.0.0-20160720233140-d1caa6c97c9f/go.mod h1:+NfK9FKeTrX5uv1uIXGdwYDTeHna2qgaIlx54MXqjAM=
github.com/howeyc/gopass v0.0.0-20170109162249-bf9dde6d0d2c h1:kQWxfPIHVLbgLzphqk3QUflDy9QdksZR4ygR807bpy0=
github.com/howeyc/gopass v0.0.0-20170109162249-bf9dde6d0d2c/go.mod h1:lADxMC39cJJqL93Duh1xhAs4I2Zs8mKS89XWXFGp9cs=
github.com/imdario/mergo v0.0.0-20160517064435-50d4dbd4eb0e h1:zIX9lnwsSCcX3oc3J5w16I+3zmf6a+vdf80ygUqpah8=
github.com/imdario/mergo v0.0.0-20160517064435-50d4dbd4eb0e/go.mod h1:2EnlNZ0deacrJVfApfmtdGgDfMuh/nq6Ok1EcJh5FfA=
github.com/jen20/awspolicyequivalence v0.0.0-20170831201602-3d48364a137a/go.mod h1:uoIMjNxUfXi48Ci40IXkPRbghZ1vbti6v9LCbNqRgHY=
github.com/jmespath/go-jmespath v0.0.0-20160803190731-bd40a432e4c7 h1:SMvOWPJCES2GdFracYbBQh93GXac8fq7HeN6JnpduB8=
github.com/jmespath/go-jmespath v0.0.0-20160803190731-bd40a432e4c7/go.mod h1:Nht3zPeWKUH0NzdCt2Blrr5ys8VGpn0CEB0cQHVjt7k=
github.com/json-iterator/go v0.0.0-20180205154542-002b5ae34214 h1:BygRhTu9OJ6GkFg9x6wsOrvxXExThRve9ppHQHe7pV0=
github.com/json-iterator/go v0.0.0-20180205154542-002b5ae34214/go.mod h1:+SdeFBvtyEkXs7REEP0seUULqWtbJapLOCVDaaPEHmU=
github.com/juju/ratelimit v0.0.0-20170523012141-5b9ff8664717 h1:gfrLWZBU8a+vr2wQZWR9ctEm3syl1A7QIN9O2p7lZ/4=
github.com/juju/ratelimit v0.0.0-20170523012141-5b9ff8664717/go.mod h1:qapgC/Gy+xNh9UxzV13HGGl/6UXNN+ct+vwSgWNm/qk=
github.com/keybase/go-crypto v0.0.0-20171010110049-f63716704117/go.mod h1:ghbZscTyKdM07+Fw3KSi0hcJm+AlEUWj8QLlPtijN/M=
github.com/mailru/easyjson v0.0.0-20170219113354-d89c33ca38a1 h1:kF1akUPaVgySXFfRx2wQry8zkw2FbjtamMBx1BRCJ90=
github.com/mailru/easyjson v0.0.0-20170219113354-d89c33ca38a1/go.mod h1:C1wdFJiN94OJF2b5HbByQZoLdCWB1Yqtg26g4irojpc=
github.com/mattn/go-isatty v0.0.2 h1:F+DnWktyadxnOrohKLNUC9/GjFii5RJgY4GFG6ilggw=
github.com/mattn/go-isatty v0.0.2/go.mod h1:M+lRXTBqGeGNdLjl/ufCoiOlB5xdOkqRJdNxMWT7Zi4=
github.com/mitchellh/cli v0.0.0-20170824190209-0ce7cd515f64 h1:Gf2TW4lDbrkrJLzvZgVEzrVKCjdhMPvucSrJvgmCT8Q=
github.com/mitchellh/cli v0.0.0-20170824190209-0ce7cd515f64/go.mod h1:oGumspjLm2kTyiT1QMGpFqRlmxnKHfCvhZEVnx+5UeE=
github.com/mitchellh/copystructure v0.0.0-20161013195342-5af94aef99f5 h1:zpaRAYp00glucts07iugR0W6zvhvLPp+9oR20M8ULM0=
github.com/mitchellh/copystructure v0.0.0-20161013195342-5af94aef99f5/go.mod h1:eOsF2yLPlBBJPvD+nhl5QMTBSOBbOph6N7j/IDUw7PY=
github.com/mitchellh/go-homedir v0.0.0-20161203194507-b8bc1bf76747 h1:eQox4Rh4ewJF+mqYPxCkmBAirRnPaHEB26UkNuPyjlk=
github.com/mitchellh/go-homedir v0.0.0-20161203194507-b8bc1bf76747/go.mod h1:SfyaCUpYCn1Vlf4IUYiD9fPX4A5wJrkLzIz1N1q0pr0=
github.com/mitchellh/go-testing-interface v0.0.0-20170730050907-9a441910b168 h1:FW/lWFII8EehRx+hVNy5OkkIhWXz9NC69vO5Zr2RExY=
github.com/mitchellh/go-testing-interface v0.0.0-20170730050907-9a441910b168/go.mod h1:kRemZodwjscx+RGhAo8eIhFbs2+BFgRtFPeD/KE+zxI=
github.com/mitchellh/go-wordwrap v0.0.0-20150314170334-ad45545899c7 h1:DpOJ2HYzCv8LZP15IdmG+YdwD2luVPHITV96TkirNBM=
github.com/mitchellh/go-wordwrap v0.0.0-20150314170334-ad45545899c7/go.mod h1:ZXFpozHsX6DPmq2I0TCekCxypsnAUbP2oI0UX1GXzOo=
github.com/mitchellh/hashstructure v0.0.0-20160209213820-6b17d669fac5 h1:h+4fp6yIoLPf/K2egDK3kvYM2zqb28gJIWWMiDzBdKM=
github.com/mitchellh/hashstructure v0.0.0-20160209213820-6b17d669fac5/go.mod h1:QjSHrPWS+BGUVBYkbTZWEnOh3G1DutKwClXU/ABz6AQ=
github.com/mitchellh/mapstructure v0.0.0-20170307201123-53818660ed49 h1:kaWdlw4YogwkDl8CG+/VxhXkrL9uz3n1D9QBC2pEGLE=
github.com/mitchellh/mapstructure v0.0.0-20170307201123-53818660ed49/go.mod h1:FVVH3fgwuzCH5S8UJGiWEs2h04kUh9fWfEaFds41c1Y=
github.com/mitchellh/reflectwalk v0.0.0-20161003174516-92573fe8d000 h1:ajR9C+BMu/Q7NN8pmQQAchGkMwlLivNVWFC06dH+K/4=
github.com/mitchellh/reflectwalk v0.0.0-20161003174516-92573fe8d000/go.mod h1:mSTlrgnPZtwu0c4WaC2kGObEpuNDbx0jmZXqmk4esnw=
github.com/opencontainers/go-digest v1.0.0-rc0/go.mod h1:cMLVZDEM3+U2I4VmLI6N8jQYUd2OVphdqWwCJHrFt2s=
github.com/peterbourgon/diskv v0.0.0-20180312054125-0646ccaebea1 h1:k/dnb0bixQwWsDLxwr6/w7rtZCVDKdbQnGQkeZGYsws=
github.com/peterbourgon/diskv v0.0.0-20180312054125-0646ccaebea1/go.mod h1:uqqh8zWWbv1HBMNONnaR/tNboyR3/BZd58JJSHlUSCU=
github.com/posener/complete v0.0.0-20170829171112-9f41f7636a72 h1:msjOwnG4lW7hQFCP1gp586rZ+oFEILpsalOYlUS+DV0=
github.com/posener/complete v0.0.0-20170829171112-9f41f7636a72/go.mod h1:em0nMJCgc9GFtwrmVmEMR/ZL6WyhyjMBndrE9hABlRI=
github.com/rancher/go-rancher v0.0.0-20170407040943-ec24b7f12fca/go.mod h1:7oQvGNiJsGvrUgB+7AH8bmdzuR0uhULfwKb43Ht0hUk=
github.com/satori/go.uuid v0.0.0-20160927100844-b061729afc07/go.mod h1:dA0hQrYB0VpLJoorglMZABFdXlWrHn1NEOzdhQKdks0=
github.com/spf13/pflag v0.0.0-20170130214245-9ff6c6923cff h1:VARhShG49tiji6mdRNp7JTNDtJ0FhuprF93GBQ37xGU=
github.com/spf13/pflag v0.0.0-20170130214245-9ff6c6923cff/go.mod h1:DYY7MBk1bdzusC3SYhjObp+wFpr4gzcvqqNjLnInEg4=
github.com/terraform-providers/terraform-provider-aws v1.10.0/go.mod h1:uvqaeKnm2ydZ2LuKuW1NDNBu6heC/7IDGXWm36/6oKs=
github.com/terraform-providers/terraform-provider-google v1.2.0/go.mod h1:Ay9UTdQsm6vHYRjhyFRLPis39XspOYHmgy5pwNrgsco=
github.com/ugorji/go v0.0.0-20160928015244-faddd6128c66/go.mod h1:hnLbHMwcvSihnDhEfx2/BzKp2xb0Y+ErdfYcrs9tkJQ=
github.com/ulikunitz/xz v0.5.4 h1:zATC2OoZ8H1TZll3FpbX+ikwmadbO699PE06cIkm9oU=
github.com/ulikunitz/xz v0.5.4/go.mod h1:2bypXElzHzzJZwzH67Y6wb67pO62Rzfn7BSiF4ABRW8=
github.com/zclconf/go-cty v0.0.0-20180226025535-26c3df5df72f h1:Zi1ZuPkHDd7tVasn6ig/0lmRsmUpy+DsUnqpwrHp4K0=
github.com/zclconf/go-cty v0.0.0-20180226025535-26c3df5df72f/go.mod h1:LnDKxj8gN4aatfXUqmUNooaDjvmDcLPbAN3hYBIVoJE=
golang.org/x/crypto v0.0.0-20170808112155-b176d7def5d7 h1:pTltqCK8DaN/bs+trgnSNPnBjRpKt+K5GyiIyUWyAw0=
golang.org/x/crypto v0.0.0-20170808112155-b176d7def5d7/go.mod h1:6SG95UA2DQfeDnfUPMdvaQW0Q7yPrPDi9nlGo2tz2b4=
golang.org/x/net v0.0.0-20171004034648-a04bdaca5b32 h1:NjAulLPqFTaOxQu5S4qUMqscSu+mQdu+wMY0nfqSkuk=
golang.org/x/net v0.0.0-20171004034648-a04bdaca5b32/go.mod h1:mL1N/T3taQHkDXs73rZJwtUhF3w3ftmwwsq0BUmARs4=
golang.org/x/oauth2 v0.0.0-20170807180024-9a379c6b3e95 h1:RS+wSrhdVci7CsPwJaMN8exaP3UTuQU0qB34R/E/JD0=
golang.org/x/oauth2 v0.0.0-20170807180024-9a379c6b3e95/go.mod h1:N/0e6XlmueqKjAGxoOufVs8QHGRruUQn6yWY3a++T0U=
golang.org/x/sys v0.0.0-20161214190518-d75a52659825 h1:4d9VvrP9mESHxCpAwE1G5e1D8Ybj9v7pX19HkGQV0lk=
golang.org/x/sys v0.0.0-20161214190518-d75a52659825/go.mod h1:STP8DvDyc/dI5b8T5hshtkjS+E42TnysNCUPdjciGhY=
golang.org/x/text v0.0.0-20180223193632-27420a1a391f h1:c5+Vct/Bqr1ek3PJUXp1rbfVL7BBN0gnzsB5qM0YmRY=
golang.org/x/text v0.0.0-20180223193632-27420a1a391f/go.mod h1:NqM8EUOU14njkJ3fqMW+pc6Ldnwhi/IjpwHt7yyuwOQ=
golang.org/x/time v0.0.0-20170927054726-6dc17368e09b/go.mod h1:tRJNPiyCQ0inRvYxbN9jk5I+vvW/OXSQhTDSoE431IQ=
google.golang.org/api v0.0.0-20171110222743-a0c31fb0028e/go.mod h1:4mhQ8q/RsB7i+udVvVy5NUi08OU8ZlA0gRVgrF7VFY0=
google.golang.org/appengine v0.0.0-20150527042145-b667a5000b08/go.mod h1:EbEs0AVv82hx2wNQdGPgUI5lhzA/G0D9YwlJXL52JkM=
google.golang.org/genproto v0.0.0-20171103030625-11c7f9e547da h1:sYGAnR6gvwiXWfMXJiLUXtU2C3/03O+RRE8VbWJmM0E=
google.golang.org/genproto v0.0.0-20171103030625-11c7f9e547da/go.mod h1:JiN7NxoALGmiZfu7CAH4rXhgtRTLTxftemlI0sWmxmc=
google.golang.org/grpc v0.0.0-20171109215322-de2209a968d4 h1:6MdQUci2qlorHzHryzbzwf6SpQbkyyjRoUedE1A/Hls=
google.golang.org/grpc v0.0.0-20171109215322-de2209a968d4/go.mod h1:yo6s7OP7yaDglbqo1J04qKzAhqBH6lvTonzMVmEdcZw=
gopkg.in/inf.v0 v0.9.0 h1:3zYtXIO92bvsdS3ggAdA8Gb4Azj0YU+TVY1uGYNFA8o=
gopkg.in/inf.v0 v0.9.0/go.mod h1:cWUDdTG/fYaXco+Dcufb5Vnc6Gp2YChqWtbxRZE0mXw=
gopkg.in/yaml.v2 v2.0.0-20170407172122-cd8b52f8269e h1:o/mfNjxpTLivuKEfxzzwrJ8PmulH2wEp7t713uMwKAA=
gopkg.in/yaml.v2 v2.0.0-20170407172122-cd8b52f8269e/go.mod h1:JAlM8MvJe8wmxCU4Bli9HhUf9+ttbYbLASfIpnQbh74=
k8s.io/api v0.0.0-20171214033149-af4bc157c3a2 h1:uT/np6AJPY4q10W6Jfae7vfqCeQ/Yx2knebTqkjWU8Y=
k8s.io/api v0.0.0-20171214033149-af4bc157c3a2/go.mod h1:iuAfoD4hCxJ8Onx9kaTIt30j7jUFS00AXQi6QMi99vA=
k8s.io/apimachinery v0.0.0-20171207040834-180eddb345a5 h1:ytrAODqD/wgvfJIzNUgaZmH/uZouVQe18p6Vru2HaIg=
k8s.io/apimachinery v0.0.0-20171207040834-180eddb345a5/go.mod h1:ccL7Eh7zubPUSh9A3USN90/OzHNSVN6zxzde07TDCL0=
k8s.io/client-go v6.0.0+incompatible h1:kskJ2eeKafKUmOhH9xa02lGTs96aoQi3ZKyzIo62sJg=
k8s.io/client-go v6.0.0+incompatible/go.mod h1:7vJpHMYJwNQCWgzmNV+VYUl1zCObLyodBc8nIyt8L5s=
k8s.io/kube-openapi v0.0.0-20180425162723-3a0c53868c94 h1:a2IS+zfm5WFsZHmOgB99Sx4IH9E6udp4fJdXvrMA4yw=
k8s.io/kube-openapi v0.0.0-20180425162723-3a0c53868c94/go.mod h1:BXM9ceUBTj2QnfH2MK1odQs778ajze1RxcmP6S8RVVc=
k8s.io/kubernetes v1.9.0 h1:lGisWTYfW8FPzO3Hq+Zw99Rk1SMiMeYRF+OaxWvR0VM=
k8s.io/kubernetes v1.9.0/go.mod h1:ocZa8+6APFNC2tX1DZASIbocyYT5jHzqFVsY5aoB7Jk=
